
Microsoft Visual Studio Solution File, Format Version 12.00
# Visual Studio Version 17
VisualStudioVersion = 17.9.34728.123
MinimumVisualStudioVersion = 10.0.40219.1
Project("{FAE04EC0-301F-11D3-BF4B-00C04F79EFBC}") = "stack and queue", "stack and queue.csproj", "{B7E75C8E-A5F2-48F8-B1FA-5AE37BE5CA5D}"
EndProject
Global
	GlobalSection(SolutionConfigurationPlatforms) = preSolution
		Debug|Any CPU = Debug|Any CPU
		Release|Any CPU = Release|Any CPU
	EndGlobalSection
	GlobalSection(ProjectConfigurationPlatforms) = postSolution
		{B7E75C8E-A5F2-48F8-B1FA-5AE37BE5CA5D}.Debug|Any CPU.ActiveCfg = Debug|Any CPU
		{B7E75C8E-A5F2-48F8-B1FA-5AE37BE5CA5D}.Debug|Any CPU.Build.0 = Debug|Any CPU
		{B7E75C8E-A5F2-48F8-B1FA-5AE37BE5CA5D}.Release|Any CPU.ActiveCfg = Release|Any CPU
		{B7E75C8E-A5F2-48F8-B1FA-5AE37BE5CA5D}.Release|Any CPU.Build.0 = Release|Any CPU
	EndGlobalSection
	GlobalSection(SolutionProperties) = preSolution
		HideSolutionNode = FALSE
	EndGlobalSection
	GlobalSection(ExtensibilityGlobals) = postSolution
		SolutionGuid = {DA648428-7680-426E-A778-F427C78AF7B3}
	EndGlobalSection
EndGlobal
